
Microsoft Visual Studio Solution File, Format Version 12.00
# Visual Studio 15
VisualStudioVersion = 15.0.27004.2005
MinimumVisualStudioVersion = 10.0.40219.1
Project("{FAE04EC0-301F-11D3-BF4B-00C04F79EFBC}") = "XamContacts.Android", "XamContacts\XamContacts.Android\XamContacts.Android.csproj", "{20041C74-F83A-4E1C-9991-FAD0BDAE75EB}"
EndProject
Project("{FAE04EC0-301F-11D3-BF4B-00C04F79EFBC}") = "XamContacts", "XamContacts\XamContacts\XamContacts.csproj", "{871FD5E6-7D19-4534-8C04-1545CA75BBFA}"
EndProject
Project("{FAE04EC0-301F-11D3-BF4B-00C04F79EFBC}") = "XamContacts.iOS", "XamContacts\XamContacts.iOS\XamContacts.iOS.csproj", "{9BE33B32-7DB8-4C25-BAF1-3D8DFE4321D1}"
EndProject
Global
	GlobalSection(SolutionConfigurationPlatforms) = preSolution
		Ad-Hoc|Any CPU = Ad-Hoc|Any CPU
		Ad-Hoc|iPhone = Ad-Hoc|iPhone
		Ad-Hoc|iPhoneSimulator = Ad-Hoc|iPhoneSimulator
		AppStore|Any CPU = AppStore|Any CPU
		AppStore|iPhone = AppStore|iPhone
		AppStore|iPhoneSimulator = AppStore|iPhoneSimulator
		Debug|Any CPU = Debug|Any CPU
		Debug|iPhone = Debug|iPhone
		Debug|iPhoneSimulator = Debug|iPhoneSimulator
		Release|Any CPU = Release|Any CPU
		Release|iPhone = Release|iPhone
		Release|iPhoneSimulator = Release|iPhoneSimulator
	EndGlobalSection
	GlobalSection(ProjectConfigurationPlatforms) = postSolution
		{20041C74-F83A-4E1C-9991-FAD0BDAE75EB}.Ad-Hoc|Any CPU.ActiveCfg = Release|Any CPU
		{20041C74-F83A-4E1C-9991-FAD0BDAE75EB}.Ad-Hoc|Any CPU.Build.0 = Release|Any CPU
		{20041C74-F83A-4E1C-9991-FAD0BDAE75EB}.Ad-Hoc|Any CPU.Deploy.0 = Release|Any CPU
		{20041C74-F83A-4E1C-9991-FAD0BDAE75EB}.Ad-Hoc|iPhone.ActiveCfg = Release|Any CPU
		{20041C74-F83A-4E1C-9991-FAD0BDAE75EB}.Ad-Hoc|iPhone.Build.0 = Release|Any CPU
		{20041C74-F83A-4E1C-9991-FAD0BDAE75EB}.Ad-Hoc|iPhone.Deploy.0 = Release|Any CPU
		{20041C74-F83A-4E1C-9991-FAD0BDAE75EB}.Ad-Hoc|iPhoneSimulator.ActiveCfg = Release|Any CPU
		{20041C74-F83A-4E1C-9991-FAD0BDAE75EB}.Ad-Hoc|iPhoneSimulator.Build.0 = Release|Any CPU
		{20041C74-F83A-4E1C-9991-FAD0BDAE75EB}.Ad-Hoc|iPhoneSimulator.Deploy.0 = Release|Any CPU
		{20041C74-F83A-4E1C-9991-FAD0BDAE75EB}.AppStore|Any CPU.ActiveCfg = Release|Any CPU
		{20041C74-F83A-4E1C-9991-FAD0BDAE75EB}.AppStore|Any CPU.Build.0 = Release|Any CPU
		{20041C74-F83A-4E1C-9991-FAD0BDAE75EB}.AppStore|Any CPU.Deploy.0 = Release|Any CPU
		{20041C74-F83A-4E1C-9991-FAD0BDAE75EB}.AppStore|iPhone.ActiveCfg = Release|Any CPU
		{20041C74-F83A-4E1C-9991-FAD0BDAE75EB}.AppStore|iPhone.Build.0 = Release|Any CPU
		{20041C74-F83A-4E1C-9991-FAD0BDAE75EB}.AppStore|iPhone.Deploy.0 = Release|Any CPU
		{20041C74-F83A-4E1C-9991-FAD0BDAE75EB}.AppStore|iPhoneSimulator.ActiveCfg = Release|Any CPU
		{20041C74-F83A-4E1C-9991-FAD0BDAE75EB}.AppStore|iPhoneSimulator.Build.0 = Release|Any CPU
		{20041C74-F83A-4E1C-9991-FAD0BDAE75EB}.AppStore|iPhoneSimulator.Deploy.0 = Release|Any CPU
		{20041C74-F83A-4E1C-9991-FAD0BDAE75EB}.Debug|Any CPU.ActiveCfg = Debug|Any CPU
		{20041C74-F83A-4E1C-9991-FAD0BDAE75EB}.Debug|Any CPU.Build.0 = Debug|Any CPU
		{20041C74-F83A-4E1C-9991-FAD0BDAE75EB}.Debug|Any CPU.Deploy.0 = Debug|Any CPU
		{20041C74-F83A-4E1C-9991-FAD0BDAE75EB}.Debug|iPhone.ActiveCfg = Debug|Any CPU
		{20041C74-F83A-4E1C-9991-FAD0BDAE75EB}.Debug|iPhone.Build.0 = Debug|Any CPU
		{20041C74-F83A-4E1C-9991-FAD0BDAE75EB}.Debug|iPhone.Deploy.0 = Debug|Any CPU
		{20041C74-F83A-4E1C-9991-FAD0BDAE75EB}.Debug|iPhoneSimulator.ActiveCfg = Debug|Any CPU
		{20041C74-F83A-4E1C-9991-FAD0BDAE75EB}.Debug|iPhoneSimulator.Build.0 = Debug|Any CPU
		{20041C74-F83A-4E1C-9991-FAD0BDAE75EB}.Debug|iPhoneSimulator.Deploy.0 = Debug|Any CPU
		{20041C74-F83A-4E1C-9991-FAD0BDAE75EB}.Release|Any CPU.ActiveCfg = Release|Any CPU
		{20041C74-F83A-4E1C-9991-FAD0BDAE75EB}.Release|Any CPU.Build.0 = Release|Any CPU
		{20041C74-F83A-4E1C-9991-FAD0BDAE75EB}.Release|Any CPU.Deploy.0 = Release|Any CPU
		{20041C74-F83A-4E1C-9991-FAD0BDAE75EB}.Release|iPhone.ActiveCfg = Release|Any CPU
		{20041C74-F83A-4E1C-9991-FAD0BDAE75EB}.Release|iPhone.Build.0 = Release|Any CPU
		{20041C74-F83A-4E1C-9991-FAD0BDAE75EB}.Release|iPhone.Deploy.0 = Release|Any CPU
		{20041C74-F83A-4E1C-9991-FAD0BDAE75EB}.Release|iPhoneSimulator.ActiveCfg = Release|Any CPU
		{20041C74-F83A-4E1C-9991-FAD0BDAE75EB}.Release|iPhoneSimulator.Build.0 = Release|Any CPU
		{20041C74-F83A-4E1C-9991-FAD0BDAE75EB}.Release|iPhoneSimulator.Deploy.0 = Release|Any CPU
		{871FD5E6-7D19-4534-8C04-1545CA75BBFA}.Ad-Hoc|Any CPU.ActiveCfg = Release|Any CPU
		{871FD5E6-7D19-4534-8C04-1545CA75BBFA}.Ad-Hoc|Any CPU.Build.0 = Release|Any CPU
		{871FD5E6-7D19-4534-8C04-1545CA75BBFA}.Ad-Hoc|iPhone.ActiveCfg = Release|Any CPU
		{871FD5E6-7D19-4534-8C04-1545CA75BBFA}.Ad-Hoc|iPhone.Build.0 = Release|Any CPU
		{871FD5E6-7D19-4534-8C04-1545CA75BBFA}.Ad-Hoc|iPhoneSimulator.ActiveCfg = Release|Any CPU
		{871FD5E6-7D19-4534-8C04-1545CA75BBFA}.Ad-Hoc|iPhoneSimulator.Build.0 = Release|Any CPU
		{871FD5E6-7D19-4534-8C04-1545CA75BBFA}.AppStore|Any CPU.ActiveCfg = Release|Any CPU
		{871FD5E6-7D19-4534-8C04-1545CA75BBFA}.AppStore|Any CPU.Build.0 = Release|Any CPU
		{871FD5E6-7D19-4534-8C04-1545CA75BBFA}.AppStore|iPhone.ActiveCfg = Release|Any CPU
		{871FD5E6-7D19-4534-8C04-1545CA75BBFA}.AppStore|iPhone.Build.0 = Release|Any CPU
		{871FD5E6-7D19-4534-8C04-1545CA75BBFA}.AppStore|iPhoneSimulator.ActiveCfg = Release|Any CPU
		{871FD5E6-7D19-4534-8C04-1545CA75BBFA}.AppStore|iPhoneSimulator.Build.0 = Release|Any CPU
		{871FD5E6-7D19-4534-8C04-1545CA75BBFA}.Debug|Any CPU.ActiveCfg = Debug|Any CPU
		{871FD5E6-7D19-4534-8C04-1545CA75BBFA}.Debug|Any CPU.Build.0 = Debug|Any CPU
		{871FD5E6-7D19-4534-8C04-1545CA75BBFA}.Debug|iPhone.ActiveCfg = Debug|Any CPU
		{871FD5E6-7D19-4534-8C04-1545CA75BBFA}.Debug|iPhone.Build.0 = Debug|Any CPU
		{871FD5E6-7D19-4534-8C04-1545CA75BBFA}.Debug|iPhoneSimulator.ActiveCfg = Debug|Any CPU
		{871FD5E6-7D19-4534-8C04-1545CA75BBFA}.Debug|iPhoneSimulator.Build.0 = Debug|Any CPU
		{871FD5E6-7D19-4534-8C04-1545CA75BBFA}.Release|Any CPU.ActiveCfg = Release|Any CPU
		{871FD5E6-7D19-4534-8C04-1545CA75BBFA}.Release|Any CPU.Build.0 = Release|Any CPU
		{871FD5E6-7D19-4534-8C04-1545CA75BBFA}.Release|iPhone.ActiveCfg = Release|Any CPU
		{871FD5E6-7D19-4534-8C04-1545CA75BBFA}.Release|iPhone.Build.0 = Release|Any CPU
		{871FD5E6-7D19-4534-8C04-1545CA75BBFA}.Release|iPhoneSimulator.ActiveCfg = Release|Any CPU
		{871FD5E6-7D19-4534-8C04-1545CA75BBFA}.Release|iPhoneSimulator.Build.0 = Release|Any CPU
		{9BE33B32-7DB8-4C25-BAF1-3D8DFE4321D1}.Ad-Hoc|Any CPU.ActiveCfg = Ad-Hoc|iPhoneSimulator
		{9BE33B32-7DB8-4C25-BAF1-3D8DFE4321D1}.Ad-Hoc|iPhone.ActiveCfg = Ad-Hoc|iPhone
		{9BE33B32-7DB8-4C25-BAF1-3D8DFE4321D1}.Ad-Hoc|iPhone.Build.0 = Ad-Hoc|iPhone
		{9BE33B32-7DB8-4C25-BAF1-3D8DFE4321D1}.Ad-Hoc|iPhoneSimulator.ActiveCfg = Ad-Hoc|iPhoneSimulator
		{9BE33B32-7DB8-4C25-BAF1-3D8DFE4321D1}.Ad-Hoc|iPhoneSimulator.Build.0 = Ad-Hoc|iPhoneSimulator
		{9BE33B32-7DB8-4C25-BAF1-3D8DFE4321D1}.AppStore|Any CPU.ActiveCfg = AppStore|iPhoneSimulator
		{9BE33B32-7DB8-4C25-BAF1-3D8DFE4321D1}.AppStore|iPhone.ActiveCfg = AppStore|iPhone
		{9BE33B32-7DB8-4C25-BAF1-3D8DFE4321D1}.AppStore|iPhone.Build.0 = AppStore|iPhone
		{9BE33B32-7DB8-4C25-BAF1-3D8DFE4321D1}.AppStore|iPhoneSimulator.ActiveCfg = AppStore|iPhoneSimulator
		{9BE33B32-7DB8-4C25-BAF1-3D8DFE4321D1}.AppStore|iPhoneSimulator.Build.0 = AppStore|iPhoneSimulator
		{9BE33B32-7DB8-4C25-BAF1-3D8DFE4321D1}.Debug|Any CPU.ActiveCfg = Debug|iPhoneSimulator
		{9BE33B32-7DB8-4C25-BAF1-3D8DFE4321D1}.Debug|iPhone.ActiveCfg = Debug|iPhone
		{9BE33B32-7DB8-4C25-BAF1-3D8DFE4321D1}.Debug|iPhone.Build.0 = Debug|iPhone
		{9BE33B32-7DB8-4C25-BAF1-3D8DFE4321D1}.Debug|iPhoneSimulator.ActiveCfg = Debug|iPhoneSimulator
		{9BE33B32-7DB8-4C25-BAF1-3D8DFE4321D1}.Debug|iPhoneSimulator.Build.0 = Debug|iPhoneSimulator
		{9BE33B32-7DB8-4C25-BAF1-3D8DFE4321D1}.Release|Any CPU.ActiveCfg = Release|iPhoneSimulator
		{9BE33B32-7DB8-4C25-BAF1-3D8DFE4321D1}.Release|iPhone.ActiveCfg = Release|iPhone
		{9BE33B32-7DB8-4C25-BAF1-3D8DFE4321D1}.Release|iPhone.Build.0 = Release|iPhone
		{9BE33B32-7DB8-4C25-BAF1-3D8DFE4321D1}.Release|iPhoneSimulator.ActiveCfg = Release|iPhoneSimulator
		{9BE33B32-7DB8-4C25-BAF1-3D8DFE4321D1}.Release|iPhoneSimulator.Build.0 = Release|iPhoneSimulator
	EndGlobalSection
	GlobalSection(SolutionProperties) = preSolution
		HideSolutionNode = FALSE
	EndGlobalSection
	GlobalSection(ExtensibilityGlobals) = postSolution
		SolutionGuid = {1E5996B1-4C7A-4DAA-9033-5AFD1B329D4E}
	EndGlobalSection
EndGlobal
