
Microsoft Visual Studio Solution File, Format Version 12.00
# Visual Studio 15
VisualStudioVersion = 15.0.26730.12
MinimumVisualStudioVersion = 10.0.40219.1
Project("{FAE04EC0-301F-11D3-BF4B-00C04F79EFBC}") = "XamContacts.Android", "XamContacts\XamContacts.Android\XamContacts.Android.csproj", "{3348D367-87DD-49BB-BBEB-9062BED79936}"
EndProject
Project("{FAE04EC0-301F-11D3-BF4B-00C04F79EFBC}") = "XamContacts", "XamContacts\XamContacts\XamContacts.csproj", "{3F7DB2E4-D8BB-42F0-9917-3D3AE538951C}"
EndProject
Project("{FAE04EC0-301F-11D3-BF4B-00C04F79EFBC}") = "XamContacts.UWP", "XamContacts\XamContacts.UWP\XamContacts.UWP.csproj", "{62F94FAB-FA4C-4BF5-B595-EF20A86B319F}"
EndProject
Project("{FAE04EC0-301F-11D3-BF4B-00C04F79EFBC}") = "XamContacts.iOS", "XamContacts\XamContacts.iOS\XamContacts.iOS.csproj", "{3E0EA25F-EDCE-42C3-BA8F-BA3454AF03AC}"
EndProject
Global
	GlobalSection(SolutionConfigurationPlatforms) = preSolution
		Ad-Hoc|Any CPU = Ad-Hoc|Any CPU
		Ad-Hoc|ARM = Ad-Hoc|ARM
		Ad-Hoc|iPhone = Ad-Hoc|iPhone
		Ad-Hoc|iPhoneSimulator = Ad-Hoc|iPhoneSimulator
		Ad-Hoc|x64 = Ad-Hoc|x64
		Ad-Hoc|x86 = Ad-Hoc|x86
		AppStore|Any CPU = AppStore|Any CPU
		AppStore|ARM = AppStore|ARM
		AppStore|iPhone = AppStore|iPhone
		AppStore|iPhoneSimulator = AppStore|iPhoneSimulator
		AppStore|x64 = AppStore|x64
		AppStore|x86 = AppStore|x86
		Debug|Any CPU = Debug|Any CPU
		Debug|ARM = Debug|ARM
		Debug|iPhone = Debug|iPhone
		Debug|iPhoneSimulator = Debug|iPhoneSimulator
		Debug|x64 = Debug|x64
		Debug|x86 = Debug|x86
		Release|Any CPU = Release|Any CPU
		Release|ARM = Release|ARM
		Release|iPhone = Release|iPhone
		Release|iPhoneSimulator = Release|iPhoneSimulator
		Release|x64 = Release|x64
		Release|x86 = Release|x86
	EndGlobalSection
	GlobalSection(ProjectConfigurationPlatforms) = postSolution
		{3348D367-87DD-49BB-BBEB-9062BED79936}.Ad-Hoc|Any CPU.ActiveCfg = Release|Any CPU
		{3348D367-87DD-49BB-BBEB-9062BED79936}.Ad-Hoc|Any CPU.Build.0 = Release|Any CPU
		{3348D367-87DD-49BB-BBEB-9062BED79936}.Ad-Hoc|Any CPU.Deploy.0 = Release|Any CPU
		{3348D367-87DD-49BB-BBEB-9062BED79936}.Ad-Hoc|ARM.ActiveCfg = Release|Any CPU
		{3348D367-87DD-49BB-BBEB-9062BED79936}.Ad-Hoc|ARM.Build.0 = Release|Any CPU
		{3348D367-87DD-49BB-BBEB-9062BED79936}.Ad-Hoc|ARM.Deploy.0 = Release|Any CPU
		{3348D367-87DD-49BB-BBEB-9062BED79936}.Ad-Hoc|iPhone.ActiveCfg = Release|Any CPU
		{3348D367-87DD-49BB-BBEB-9062BED79936}.Ad-Hoc|iPhone.Build.0 = Release|Any CPU
		{3348D367-87DD-49BB-BBEB-9062BED79936}.Ad-Hoc|iPhone.Deploy.0 = Release|Any CPU
		{3348D367-87DD-49BB-BBEB-9062BED79936}.Ad-Hoc|iPhoneSimulator.ActiveCfg = Release|Any CPU
		{3348D367-87DD-49BB-BBEB-9062BED79936}.Ad-Hoc|iPhoneSimulator.Build.0 = Release|Any CPU
		{3348D367-87DD-49BB-BBEB-9062BED79936}.Ad-Hoc|iPhoneSimulator.Deploy.0 = Release|Any CPU
		{3348D367-87DD-49BB-BBEB-9062BED79936}.Ad-Hoc|x64.ActiveCfg = Release|Any CPU
		{3348D367-87DD-49BB-BBEB-9062BED79936}.Ad-Hoc|x64.Build.0 = Release|Any CPU
		{3348D367-87DD-49BB-BBEB-9062BED79936}.Ad-Hoc|x64.Deploy.0 = Release|Any CPU
		{3348D367-87DD-49BB-BBEB-9062BED79936}.Ad-Hoc|x86.ActiveCfg = Release|Any CPU
		{3348D367-87DD-49BB-BBEB-9062BED79936}.Ad-Hoc|x86.Build.0 = Release|Any CPU
		{3348D367-87DD-49BB-BBEB-9062BED79936}.Ad-Hoc|x86.Deploy.0 = Release|Any CPU
		{3348D367-87DD-49BB-BBEB-9062BED79936}.AppStore|Any CPU.ActiveCfg = Release|Any CPU
		{3348D367-87DD-49BB-BBEB-9062BED79936}.AppStore|Any CPU.Build.0 = Release|Any CPU
		{3348D367-87DD-49BB-BBEB-9062BED79936}.AppStore|Any CPU.Deploy.0 = Release|Any CPU
		{3348D367-87DD-49BB-BBEB-9062BED79936}.AppStore|ARM.ActiveCfg = Release|Any CPU
		{3348D367-87DD-49BB-BBEB-9062BED79936}.AppStore|ARM.Build.0 = Release|Any CPU
		{3348D367-87DD-49BB-BBEB-9062BED79936}.AppStore|ARM.Deploy.0 = Release|Any CPU
		{3348D367-87DD-49BB-BBEB-9062BED79936}.AppStore|iPhone.ActiveCfg = Release|Any CPU
		{3348D367-87DD-49BB-BBEB-9062BED79936}.AppStore|iPhone.Build.0 = Release|Any CPU
		{3348D367-87DD-49BB-BBEB-9062BED79936}.AppStore|iPhone.Deploy.0 = Release|Any CPU
		{3348D367-87DD-49BB-BBEB-9062BED79936}.AppStore|iPhoneSimulator.ActiveCfg = Release|Any CPU
		{3348D367-87DD-49BB-BBEB-9062BED79936}.AppStore|iPhoneSimulator.Build.0 = Release|Any CPU
		{3348D367-87DD-49BB-BBEB-9062BED79936}.AppStore|iPhoneSimulator.Deploy.0 = Release|Any CPU
		{3348D367-87DD-49BB-BBEB-9062BED79936}.AppStore|x64.ActiveCfg = Release|Any CPU
		{3348D367-87DD-49BB-BBEB-9062BED79936}.AppStore|x64.Build.0 = Release|Any CPU
		{3348D367-87DD-49BB-BBEB-9062BED79936}.AppStore|x64.Deploy.0 = Release|Any CPU
		{3348D367-87DD-49BB-BBEB-9062BED79936}.AppStore|x86.ActiveCfg = Release|Any CPU
		{3348D367-87DD-49BB-BBEB-9062BED79936}.AppStore|x86.Build.0 = Release|Any CPU
		{3348D367-87DD-49BB-BBEB-9062BED79936}.AppStore|x86.Deploy.0 = Release|Any CPU
		{3348D367-87DD-49BB-BBEB-9062BED79936}.Debug|Any CPU.ActiveCfg = Debug|Any CPU
		{3348D367-87DD-49BB-BBEB-9062BED79936}.Debug|Any CPU.Build.0 = Debug|Any CPU
		{3348D367-87DD-49BB-BBEB-9062BED79936}.Debug|Any CPU.Deploy.0 = Debug|Any CPU
		{3348D367-87DD-49BB-BBEB-9062BED79936}.Debug|ARM.ActiveCfg = Debug|Any CPU
		{3348D367-87DD-49BB-BBEB-9062BED79936}.Debug|ARM.Build.0 = Debug|Any CPU
		{3348D367-87DD-49BB-BBEB-9062BED79936}.Debug|ARM.Deploy.0 = Debug|Any CPU
		{3348D367-87DD-49BB-BBEB-9062BED79936}.Debug|iPhone.ActiveCfg = Debug|Any CPU
		{3348D367-87DD-49BB-BBEB-9062BED79936}.Debug|iPhone.Build.0 = Debug|Any CPU
		{3348D367-87DD-49BB-BBEB-9062BED79936}.Debug|iPhone.Deploy.0 = Debug|Any CPU
		{3348D367-87DD-49BB-BBEB-9062BED79936}.Debug|iPhoneSimulator.ActiveCfg = Debug|Any CPU
		{3348D367-87DD-49BB-BBEB-9062BED79936}.Debug|iPhoneSimulator.Build.0 = Debug|Any CPU
		{3348D367-87DD-49BB-BBEB-9062BED79936}.Debug|iPhoneSimulator.Deploy.0 = Debug|Any CPU
		{3348D367-87DD-49BB-BBEB-9062BED79936}.Debug|x64.ActiveCfg = Debug|Any CPU
		{3348D367-87DD-49BB-BBEB-9062BED79936}.Debug|x64.Build.0 = Debug|Any CPU
		{3348D367-87DD-49BB-BBEB-9062BED79936}.Debug|x64.Deploy.0 = Debug|Any CPU
		{3348D367-87DD-49BB-BBEB-9062BED79936}.Debug|x86.ActiveCfg = Debug|Any CPU
		{3348D367-87DD-49BB-BBEB-9062BED79936}.Debug|x86.Build.0 = Debug|Any CPU
		{3348D367-87DD-49BB-BBEB-9062BED79936}.Debug|x86.Deploy.0 = Debug|Any CPU
		{3348D367-87DD-49BB-BBEB-9062BED79936}.Release|Any CPU.ActiveCfg = Release|Any CPU
		{3348D367-87DD-49BB-BBEB-9062BED79936}.Release|Any CPU.Build.0 = Release|Any CPU
		{3348D367-87DD-49BB-BBEB-9062BED79936}.Release|Any CPU.Deploy.0 = Release|Any CPU
		{3348D367-87DD-49BB-BBEB-9062BED79936}.Release|ARM.ActiveCfg = Release|Any CPU
		{3348D367-87DD-49BB-BBEB-9062BED79936}.Release|ARM.Build.0 = Release|Any CPU
		{3348D367-87DD-49BB-BBEB-9062BED79936}.Release|ARM.Deploy.0 = Release|Any CPU
		{3348D367-87DD-49BB-BBEB-9062BED79936}.Release|iPhone.ActiveCfg = Release|Any CPU
		{3348D367-87DD-49BB-BBEB-9062BED79936}.Release|iPhone.Build.0 = Release|Any CPU
		{3348D367-87DD-49BB-BBEB-9062BED79936}.Release|iPhone.Deploy.0 = Release|Any CPU
		{3348D367-87DD-49BB-BBEB-9062BED79936}.Release|iPhoneSimulator.ActiveCfg = Release|Any CPU
		{3348D367-87DD-49BB-BBEB-9062BED79936}.Release|iPhoneSimulator.Build.0 = Release|Any CPU
		{3348D367-87DD-49BB-BBEB-9062BED79936}.Release|iPhoneSimulator.Deploy.0 = Release|Any CPU
		{3348D367-87DD-49BB-BBEB-9062BED79936}.Release|x64.ActiveCfg = Release|Any CPU
		{3348D367-87DD-49BB-BBEB-9062BED79936}.Release|x64.Build.0 = Release|Any CPU
		{3348D367-87DD-49BB-BBEB-9062BED79936}.Release|x64.Deploy.0 = Release|Any CPU
		{3348D367-87DD-49BB-BBEB-9062BED79936}.Release|x86.ActiveCfg = Release|Any CPU
		{3348D367-87DD-49BB-BBEB-9062BED79936}.Release|x86.Build.0 = Release|Any CPU
		{3348D367-87DD-49BB-BBEB-9062BED79936}.Release|x86.Deploy.0 = Release|Any CPU
		{3F7DB2E4-D8BB-42F0-9917-3D3AE538951C}.Ad-Hoc|Any CPU.ActiveCfg = Release|Any CPU
		{3F7DB2E4-D8BB-42F0-9917-3D3AE538951C}.Ad-Hoc|Any CPU.Build.0 = Release|Any CPU
		{3F7DB2E4-D8BB-42F0-9917-3D3AE538951C}.Ad-Hoc|ARM.ActiveCfg = Release|Any CPU
		{3F7DB2E4-D8BB-42F0-9917-3D3AE538951C}.Ad-Hoc|ARM.Build.0 = Release|Any CPU
		{3F7DB2E4-D8BB-42F0-9917-3D3AE538951C}.Ad-Hoc|iPhone.ActiveCfg = Release|Any CPU
		{3F7DB2E4-D8BB-42F0-9917-3D3AE538951C}.Ad-Hoc|iPhone.Build.0 = Release|Any CPU
		{3F7DB2E4-D8BB-42F0-9917-3D3AE538951C}.Ad-Hoc|iPhoneSimulator.ActiveCfg = Release|Any CPU
		{3F7DB2E4-D8BB-42F0-9917-3D3AE538951C}.Ad-Hoc|iPhoneSimulator.Build.0 = Release|Any CPU
		{3F7DB2E4-D8BB-42F0-9917-3D3AE538951C}.Ad-Hoc|x64.ActiveCfg = Release|Any CPU
		{3F7DB2E4-D8BB-42F0-9917-3D3AE538951C}.Ad-Hoc|x64.Build.0 = Release|Any CPU
		{3F7DB2E4-D8BB-42F0-9917-3D3AE538951C}.Ad-Hoc|x86.ActiveCfg = Release|Any CPU
		{3F7DB2E4-D8BB-42F0-9917-3D3AE538951C}.Ad-Hoc|x86.Build.0 = Release|Any CPU
		{3F7DB2E4-D8BB-42F0-9917-3D3AE538951C}.AppStore|Any CPU.ActiveCfg = Release|Any CPU
		{3F7DB2E4-D8BB-42F0-9917-3D3AE538951C}.AppStore|Any CPU.Build.0 = Release|Any CPU
		{3F7DB2E4-D8BB-42F0-9917-3D3AE538951C}.AppStore|ARM.ActiveCfg = Release|Any CPU
		{3F7DB2E4-D8BB-42F0-9917-3D3AE538951C}.AppStore|ARM.Build.0 = Release|Any CPU
		{3F7DB2E4-D8BB-42F0-9917-3D3AE538951C}.AppStore|iPhone.ActiveCfg = Release|Any CPU
		{3F7DB2E4-D8BB-42F0-9917-3D3AE538951C}.AppStore|iPhone.Build.0 = Release|Any CPU
		{3F7DB2E4-D8BB-42F0-9917-3D3AE538951C}.AppStore|iPhoneSimulator.ActiveCfg = Release|Any CPU
		{3F7DB2E4-D8BB-42F0-9917-3D3AE538951C}.AppStore|iPhoneSimulator.Build.0 = Release|Any CPU
		{3F7DB2E4-D8BB-42F0-9917-3D3AE538951C}.AppStore|x64.ActiveCfg = Release|Any CPU
		{3F7DB2E4-D8BB-42F0-9917-3D3AE538951C}.AppStore|x64.Build.0 = Release|Any CPU
		{3F7DB2E4-D8BB-42F0-9917-3D3AE538951C}.AppStore|x86.ActiveCfg = Release|Any CPU
		{3F7DB2E4-D8BB-42F0-9917-3D3AE538951C}.AppStore|x86.Build.0 = Release|Any CPU
		{3F7DB2E4-D8BB-42F0-9917-3D3AE538951C}.Debug|Any CPU.ActiveCfg = Debug|Any CPU
		{3F7DB2E4-D8BB-42F0-9917-3D3AE538951C}.Debug|Any CPU.Build.0 = Debug|Any CPU
		{3F7DB2E4-D8BB-42F0-9917-3D3AE538951C}.Debug|ARM.ActiveCfg = Debug|Any CPU
		{3F7DB2E4-D8BB-42F0-9917-3D3AE538951C}.Debug|ARM.Build.0 = Debug|Any CPU
		{3F7DB2E4-D8BB-42F0-9917-3D3AE538951C}.Debug|iPhone.ActiveCfg = Debug|Any CPU
		{3F7DB2E4-D8BB-42F0-9917-3D3AE538951C}.Debug|iPhone.Build.0 = Debug|Any CPU
		{3F7DB2E4-D8BB-42F0-9917-3D3AE538951C}.Debug|iPhoneSimulator.ActiveCfg = Debug|Any CPU
		{3F7DB2E4-D8BB-42F0-9917-3D3AE538951C}.Debug|iPhoneSimulator.Build.0 = Debug|Any CPU
		{3F7DB2E4-D8BB-42F0-9917-3D3AE538951C}.Debug|x64.ActiveCfg = Debug|Any CPU
		{3F7DB2E4-D8BB-42F0-9917-3D3AE538951C}.Debug|x64.Build.0 = Debug|Any CPU
		{3F7DB2E4-D8BB-42F0-9917-3D3AE538951C}.Debug|x86.ActiveCfg = Debug|Any CPU
		{3F7DB2E4-D8BB-42F0-9917-3D3AE538951C}.Debug|x86.Build.0 = Debug|Any CPU
		{3F7DB2E4-D8BB-42F0-9917-3D3AE538951C}.Release|Any CPU.ActiveCfg = Release|Any CPU
		{3F7DB2E4-D8BB-42F0-9917-3D3AE538951C}.Release|Any CPU.Build.0 = Release|Any CPU
		{3F7DB2E4-D8BB-42F0-9917-3D3AE538951C}.Release|ARM.ActiveCfg = Release|Any CPU
		{3F7DB2E4-D8BB-42F0-9917-3D3AE538951C}.Release|ARM.Build.0 = Release|Any CPU
		{3F7DB2E4-D8BB-42F0-9917-3D3AE538951C}.Release|iPhone.ActiveCfg = Release|Any CPU
		{3F7DB2E4-D8BB-42F0-9917-3D3AE538951C}.Release|iPhone.Build.0 = Release|Any CPU
		{3F7DB2E4-D8BB-42F0-9917-3D3AE538951C}.Release|iPhoneSimulator.ActiveCfg = Release|Any CPU
		{3F7DB2E4-D8BB-42F0-9917-3D3AE538951C}.Release|iPhoneSimulator.Build.0 = Release|Any CPU
		{3F7DB2E4-D8BB-42F0-9917-3D3AE538951C}.Release|x64.ActiveCfg = Release|Any CPU
		{3F7DB2E4-D8BB-42F0-9917-3D3AE538951C}.Release|x64.Build.0 = Release|Any CPU
		{3F7DB2E4-D8BB-42F0-9917-3D3AE538951C}.Release|x86.ActiveCfg = Release|Any CPU
		{3F7DB2E4-D8BB-42F0-9917-3D3AE538951C}.Release|x86.Build.0 = Release|Any CPU
		{62F94FAB-FA4C-4BF5-B595-EF20A86B319F}.Ad-Hoc|Any CPU.ActiveCfg = Release|x86
		{62F94FAB-FA4C-4BF5-B595-EF20A86B319F}.Ad-Hoc|Any CPU.Build.0 = Release|x86
		{62F94FAB-FA4C-4BF5-B595-EF20A86B319F}.Ad-Hoc|Any CPU.Deploy.0 = Release|x86
		{62F94FAB-FA4C-4BF5-B595-EF20A86B319F}.Ad-Hoc|ARM.ActiveCfg = Release|ARM
		{62F94FAB-FA4C-4BF5-B595-EF20A86B319F}.Ad-Hoc|ARM.Build.0 = Release|ARM
		{62F94FAB-FA4C-4BF5-B595-EF20A86B319F}.Ad-Hoc|ARM.Deploy.0 = Release|ARM
		{62F94FAB-FA4C-4BF5-B595-EF20A86B319F}.Ad-Hoc|iPhone.ActiveCfg = Release|x86
		{62F94FAB-FA4C-4BF5-B595-EF20A86B319F}.Ad-Hoc|iPhone.Build.0 = Release|x86
		{62F94FAB-FA4C-4BF5-B595-EF20A86B319F}.Ad-Hoc|iPhone.Deploy.0 = Release|x86
		{62F94FAB-FA4C-4BF5-B595-EF20A86B319F}.Ad-Hoc|iPhoneSimulator.ActiveCfg = Release|x86
		{62F94FAB-FA4C-4BF5-B595-EF20A86B319F}.Ad-Hoc|iPhoneSimulator.Build.0 = Release|x86
		{62F94FAB-FA4C-4BF5-B595-EF20A86B319F}.Ad-Hoc|iPhoneSimulator.Deploy.0 = Release|x86
		{62F94FAB-FA4C-4BF5-B595-EF20A86B319F}.Ad-Hoc|x64.ActiveCfg = Release|x64
		{62F94FAB-FA4C-4BF5-B595-EF20A86B319F}.Ad-Hoc|x64.Build.0 = Release|x64
		{62F94FAB-FA4C-4BF5-B595-EF20A86B319F}.Ad-Hoc|x64.Deploy.0 = Release|x64
		{62F94FAB-FA4C-4BF5-B595-EF20A86B319F}.Ad-Hoc|x86.ActiveCfg = Release|x86
		{62F94FAB-FA4C-4BF5-B595-EF20A86B319F}.Ad-Hoc|x86.Build.0 = Release|x86
		{62F94FAB-FA4C-4BF5-B595-EF20A86B319F}.Ad-Hoc|x86.Deploy.0 = Release|x86
		{62F94FAB-FA4C-4BF5-B595-EF20A86B319F}.AppStore|Any CPU.ActiveCfg = Release|x86
		{62F94FAB-FA4C-4BF5-B595-EF20A86B319F}.AppStore|Any CPU.Build.0 = Release|x86
		{62F94FAB-FA4C-4BF5-B595-EF20A86B319F}.AppStore|Any CPU.Deploy.0 = Release|x86
		{62F94FAB-FA4C-4BF5-B595-EF20A86B319F}.AppStore|ARM.ActiveCfg = Release|ARM
		{62F94FAB-FA4C-4BF5-B595-EF20A86B319F}.AppStore|ARM.Build.0 = Release|ARM
		{62F94FAB-FA4C-4BF5-B595-EF20A86B319F}.AppStore|ARM.Deploy.0 = Release|ARM
		{62F94FAB-FA4C-4BF5-B595-EF20A86B319F}.AppStore|iPhone.ActiveCfg = Release|x86
		{62F94FAB-FA4C-4BF5-B595-EF20A86B319F}.AppStore|iPhone.Build.0 = Release|x86
		{62F94FAB-FA4C-4BF5-B595-EF20A86B319F}.AppStore|iPhone.Deploy.0 = Release|x86
		{62F94FAB-FA4C-4BF5-B595-EF20A86B319F}.AppStore|iPhoneSimulator.ActiveCfg = Release|x86
		{62F94FAB-FA4C-4BF5-B595-EF20A86B319F}.AppStore|iPhoneSimulator.Build.0 = Release|x86
		{62F94FAB-FA4C-4BF5-B595-EF20A86B319F}.AppStore|iPhoneSimulator.Deploy.0 = Release|x86
		{62F94FAB-FA4C-4BF5-B595-EF20A86B319F}.AppStore|x64.ActiveCfg = Release|x64
		{62F94FAB-FA4C-4BF5-B595-EF20A86B319F}.AppStore|x64.Build.0 = Release|x64
		{62F94FAB-FA4C-4BF5-B595-EF20A86B319F}.AppStore|x64.Deploy.0 = Release|x64
		{62F94FAB-FA4C-4BF5-B595-EF20A86B319F}.AppStore|x86.ActiveCfg = Release|x86
		{62F94FAB-FA4C-4BF5-B595-EF20A86B319F}.AppStore|x86.Build.0 = Release|x86
		{62F94FAB-FA4C-4BF5-B595-EF20A86B319F}.AppStore|x86.Deploy.0 = Release|x86
		{62F94FAB-FA4C-4BF5-B595-EF20A86B319F}.Debug|Any CPU.ActiveCfg = Debug|x86
		{62F94FAB-FA4C-4BF5-B595-EF20A86B319F}.Debug|ARM.ActiveCfg = Debug|ARM
		{62F94FAB-FA4C-4BF5-B595-EF20A86B319F}.Debug|ARM.Build.0 = Debug|ARM
		{62F94FAB-FA4C-4BF5-B595-EF20A86B319F}.Debug|ARM.Deploy.0 = Debug|ARM
		{62F94FAB-FA4C-4BF5-B595-EF20A86B319F}.Debug|iPhone.ActiveCfg = Debug|x86
		{62F94FAB-FA4C-4BF5-B595-EF20A86B319F}.Debug|iPhoneSimulator.ActiveCfg = Debug|x86
		{62F94FAB-FA4C-4BF5-B595-EF20A86B319F}.Debug|x64.ActiveCfg = Debug|x64
		{62F94FAB-FA4C-4BF5-B595-EF20A86B319F}.Debug|x64.Build.0 = Debug|x64
		{62F94FAB-FA4C-4BF5-B595-EF20A86B319F}.Debug|x64.Deploy.0 = Debug|x64
		{62F94FAB-FA4C-4BF5-B595-EF20A86B319F}.Debug|x86.ActiveCfg = Debug|x86
		{62F94FAB-FA4C-4BF5-B595-EF20A86B319F}.Debug|x86.Build.0 = Debug|x86
		{62F94FAB-FA4C-4BF5-B595-EF20A86B319F}.Debug|x86.Deploy.0 = Debug|x86
		{62F94FAB-FA4C-4BF5-B595-EF20A86B319F}.Release|Any CPU.ActiveCfg = Release|x86
		{62F94FAB-FA4C-4BF5-B595-EF20A86B319F}.Release|ARM.ActiveCfg = Release|ARM
		{62F94FAB-FA4C-4BF5-B595-EF20A86B319F}.Release|ARM.Build.0 = Release|ARM
		{62F94FAB-FA4C-4BF5-B595-EF20A86B319F}.Release|ARM.Deploy.0 = Release|ARM
		{62F94FAB-FA4C-4BF5-B595-EF20A86B319F}.Release|iPhone.ActiveCfg = Release|x86
		{62F94FAB-FA4C-4BF5-B595-EF20A86B319F}.Release|iPhoneSimulator.ActiveCfg = Release|x86
		{62F94FAB-FA4C-4BF5-B595-EF20A86B319F}.Release|x64.ActiveCfg = Release|x64
		{62F94FAB-FA4C-4BF5-B595-EF20A86B319F}.Release|x64.Build.0 = Release|x64
		{62F94FAB-FA4C-4BF5-B595-EF20A86B319F}.Release|x64.Deploy.0 = Release|x64
		{62F94FAB-FA4C-4BF5-B595-EF20A86B319F}.Release|x86.ActiveCfg = Release|x86
		{62F94FAB-FA4C-4BF5-B595-EF20A86B319F}.Release|x86.Build.0 = Release|x86
		{62F94FAB-FA4C-4BF5-B595-EF20A86B319F}.Release|x86.Deploy.0 = Release|x86
		{3E0EA25F-EDCE-42C3-BA8F-BA3454AF03AC}.Ad-Hoc|Any CPU.ActiveCfg = Ad-Hoc|iPhone
		{3E0EA25F-EDCE-42C3-BA8F-BA3454AF03AC}.Ad-Hoc|ARM.ActiveCfg = Ad-Hoc|iPhone
		{3E0EA25F-EDCE-42C3-BA8F-BA3454AF03AC}.Ad-Hoc|iPhone.ActiveCfg = Ad-Hoc|iPhone
		{3E0EA25F-EDCE-42C3-BA8F-BA3454AF03AC}.Ad-Hoc|iPhone.Build.0 = Ad-Hoc|iPhone
		{3E0EA25F-EDCE-42C3-BA8F-BA3454AF03AC}.Ad-Hoc|iPhoneSimulator.ActiveCfg = Ad-Hoc|iPhoneSimulator
		{3E0EA25F-EDCE-42C3-BA8F-BA3454AF03AC}.Ad-Hoc|iPhoneSimulator.Build.0 = Ad-Hoc|iPhoneSimulator
		{3E0EA25F-EDCE-42C3-BA8F-BA3454AF03AC}.Ad-Hoc|x64.ActiveCfg = Ad-Hoc|iPhone
		{3E0EA25F-EDCE-42C3-BA8F-BA3454AF03AC}.Ad-Hoc|x86.ActiveCfg = Ad-Hoc|iPhone
		{3E0EA25F-EDCE-42C3-BA8F-BA3454AF03AC}.AppStore|Any CPU.ActiveCfg = AppStore|iPhone
		{3E0EA25F-EDCE-42C3-BA8F-BA3454AF03AC}.AppStore|ARM.ActiveCfg = AppStore|iPhone
		{3E0EA25F-EDCE-42C3-BA8F-BA3454AF03AC}.AppStore|iPhone.ActiveCfg = AppStore|iPhone
		{3E0EA25F-EDCE-42C3-BA8F-BA3454AF03AC}.AppStore|iPhone.Build.0 = AppStore|iPhone
		{3E0EA25F-EDCE-42C3-BA8F-BA3454AF03AC}.AppStore|iPhoneSimulator.ActiveCfg = AppStore|iPhoneSimulator
		{3E0EA25F-EDCE-42C3-BA8F-BA3454AF03AC}.AppStore|iPhoneSimulator.Build.0 = AppStore|iPhoneSimulator
		{3E0EA25F-EDCE-42C3-BA8F-BA3454AF03AC}.AppStore|x64.ActiveCfg = AppStore|iPhone
		{3E0EA25F-EDCE-42C3-BA8F-BA3454AF03AC}.AppStore|x86.ActiveCfg = AppStore|iPhone
		{3E0EA25F-EDCE-42C3-BA8F-BA3454AF03AC}.Debug|Any CPU.ActiveCfg = Debug|iPhone
		{3E0EA25F-EDCE-42C3-BA8F-BA3454AF03AC}.Debug|ARM.ActiveCfg = Debug|iPhone
		{3E0EA25F-EDCE-42C3-BA8F-BA3454AF03AC}.Debug|iPhone.ActiveCfg = Debug|iPhone
		{3E0EA25F-EDCE-42C3-BA8F-BA3454AF03AC}.Debug|iPhone.Build.0 = Debug|iPhone
		{3E0EA25F-EDCE-42C3-BA8F-BA3454AF03AC}.Debug|iPhoneSimulator.ActiveCfg = Debug|iPhoneSimulator
		{3E0EA25F-EDCE-42C3-BA8F-BA3454AF03AC}.Debug|iPhoneSimulator.Build.0 = Debug|iPhoneSimulator
		{3E0EA25F-EDCE-42C3-BA8F-BA3454AF03AC}.Debug|x64.ActiveCfg = Debug|iPhone
		{3E0EA25F-EDCE-42C3-BA8F-BA3454AF03AC}.Debug|x86.ActiveCfg = Debug|iPhone
		{3E0EA25F-EDCE-42C3-BA8F-BA3454AF03AC}.Release|Any CPU.ActiveCfg = Release|iPhone
		{3E0EA25F-EDCE-42C3-BA8F-BA3454AF03AC}.Release|ARM.ActiveCfg = Release|iPhone
		{3E0EA25F-EDCE-42C3-BA8F-BA3454AF03AC}.Release|iPhone.ActiveCfg = Release|iPhone
		{3E0EA25F-EDCE-42C3-BA8F-BA3454AF03AC}.Release|iPhone.Build.0 = Release|iPhone
		{3E0EA25F-EDCE-42C3-BA8F-BA3454AF03AC}.Release|iPhoneSimulator.ActiveCfg = Release|iPhoneSimulator
		{3E0EA25F-EDCE-42C3-BA8F-BA3454AF03AC}.Release|iPhoneSimulator.Build.0 = Release|iPhoneSimulator
		{3E0EA25F-EDCE-42C3-BA8F-BA3454AF03AC}.Release|x64.ActiveCfg = Release|iPhone
		{3E0EA25F-EDCE-42C3-BA8F-BA3454AF03AC}.Release|x86.ActiveCfg = Release|iPhone
	EndGlobalSection
	GlobalSection(SolutionProperties) = preSolution
		HideSolutionNode = FALSE
	EndGlobalSection
	GlobalSection(ExtensibilityGlobals) = postSolution
		SolutionGuid = {A76EFA87-B851-41F2-86EA-D4C4FB6A2EC1}
	EndGlobalSection
EndGlobal
